{
  "nodes": {
    "blog-helper": {
      "inputs": {
        "nixpkgs": [
          "nixpkgs"
        ]
      },
      "locked": {
        "lastModified": 1698847738,
        "narHash": "sha256-xqCiZ3ashIXYq9ZvOa9osn/YBAJQya1T85AfimnPeKg=",
        "owner": "~gotlou",
        "repo": "blog-helper",
        "rev": "c41f74d2e5a4ffa44c11e0ce6093c25e2a1ccf76",
        "type": "sourcehut"
      },
      "original": {
        "owner": "~gotlou",
        "repo": "blog-helper",
        "type": "sourcehut"
      }
    },
    "nixpkgs": {
      "locked": {
        "lastModified": 1690327932,
        "narHash": "sha256-Fv7PYZxN4eo0K6zXhHG/vOc+e2iuqQ5ywDrh0yeRjP0=",
        "owner": "NixOS",
        "repo": "nixpkgs",
        "rev": "a9b47d85504bdd199e90846622c76aa0bfeabfac",
        "type": "github"
      },
      "original": {
        "id": "nixpkgs",
        "type": "indirect"
      }
    },
    "root": {
      "inputs": {
        "blog-helper": "blog-helper",
        "nixpkgs": "nixpkgs"
      }
    }
  },
  "root": "root",
  "version": 7
}
