{
  "nodes": {
    "blog-helper": {
      "inputs": {
        "nixpkgs": [
          "nixpkgs"
        ]
      },
      "locked": {
        "lastModified": 1698747855,
        "narHash": "sha256-Kg/bwZlFXVlJq+sPQTsUS9zXKwvC0Nu5MW4ZjH/zhHs=",
        "owner": "~gotlou",
        "repo": "blog-helper",
        "rev": "08ed831cc3e537d5cab44f7b7aae5aa89ef5d2c7",
        "type": "sourcehut"
      },
      "original": {
        "owner": "~gotlou",
        "repo": "blog-helper",
        "type": "sourcehut"
      }
    },
    "nixpkgs": {
      "locked": {
        "lastModified": 1690327932,
        "narHash": "sha256-Fv7PYZxN4eo0K6zXhHG/vOc+e2iuqQ5ywDrh0yeRjP0=",
        "owner": "NixOS",
        "repo": "nixpkgs",
        "rev": "a9b47d85504bdd199e90846622c76aa0bfeabfac",
        "type": "github"
      },
      "original": {
        "id": "nixpkgs",
        "type": "indirect"
      }
    },
    "root": {
      "inputs": {
        "blog-helper": "blog-helper",
        "nixpkgs": "nixpkgs"
      }
    }
  },
  "root": "root",
  "version": 7
}
