{
  "nodes": {
    "blog-helper": {
      "inputs": {
        "nixpkgs": [
          "nixpkgs"
        ]
      },
      "locked": {
        "lastModified": 1698849264,
        "narHash": "sha256-gNoK7Mpmn9emwumnf4e/0NHBRSjdrIYUV1AOQPfHrwY=",
        "owner": "~gotlou",
        "repo": "blog-helper",
        "rev": "4e30e0a30c7aca38de23a4fc25fff9b8b62ebaaf",
        "type": "sourcehut"
      },
      "original": {
        "owner": "~gotlou",
        "repo": "blog-helper",
        "type": "sourcehut"
      }
    },
    "nixpkgs": {
      "locked": {
        "lastModified": 1729256560,
        "narHash": "sha256-/uilDXvCIEs3C9l73JTACm4quuHUsIHcns1c+cHUJwA=",
        "path": "/nix/store/riqkpszjqk02bi1wppfg8ip5xvh102qd-source",
        "rev": "4c2fcb090b1f3e5b47eaa7bd33913b574a11e0a0",
        "type": "path"
      },
      "original": {
        "id": "nixpkgs",
        "type": "indirect"
      }
    },
    "root": {
      "inputs": {
        "blog-helper": "blog-helper",
        "nixpkgs": "nixpkgs"
      }
    }
  },
  "root": "root",
  "version": 7
}
